version = 1
revision = 3
requires-python = ">=3.11"

[[package]]
name = "argcomplete"
version = "3.6.3"
source = { registry = "https://pypi.org/simple" }
sdist = { url = "https://files.pythonhosted.org/packages/38/61/0b9ae6399dd4a58d8c1b1dc5a27d6f2808023d0b5dd3104bb99f45a33ff6/argcomplete-3.6.3.tar.gz", hash = "sha256:62e8ed4fd6a45864acc8235409461b72c9a28ee785a2011cc5eb78318786c89c", size = 73754, upload-time = "2025-10-20T03:33:34.741Z" }
wheels = [
    { url = "https://files.pythonhosted.org/packages/74/f5/9373290775639cb67a2fce7f629a1c240dce9f12fe927bc32b2736e16dfc/argcomplete-3.6.3-py3-none-any.whl", hash = "sha256:f5007b3a600ccac5d25bbce33089211dfd49eab4a7718da3f10e3082525a92ce", size = 43846, upload-time = "2025-10-20T03:33:33.021Z" },
]

[[package]]
name = "attrs"
version = "25.4.0"
source = { registry = "https://pypi.org/simple" }
sdist = { url = "https://files.pythonhosted.org/packages/6b/5c/685e6633917e101e5dcb62b9dd76946cbb57c26e133bae9e0cd36033c0a9/attrs-25.4.0.tar.gz", hash = "sha256:16d5969b87f0859ef33a48b35d55ac1be6e42ae49d5e853b597db70c35c57e11", size = 934251, upload-time = "2025-10-06T13:54:44.725Z" }
wheels = [
    { url = "https://files.pythonhosted.org/packages/3a/2a/7cc015f5b9f5db42b7d48157e23356022889fc354a2813c15934b7cb5c0e/attrs-25.4.0-py3-none-any.whl", hash = "sha256:adcf7e2a1fb3b36ac48d97835bb6d8ade15b8dcce26aba8bf1d14847b57a3373", size = 67615, upload-time = "2025-10-06T13:54:43.17Z" },
]

[[package]]
name = "cg-stubs"
version = "0.0.1"
source = { virtual = "." }

[package.dev-dependencies]
dev = [
    { name = "nox" },
]

[package.metadata]

[package.metadata.requires-dev]
dev = [{ name = "nox", specifier = ">=2025.10.16" }]

[[package]]
name = "colorama"
version = "0.4.6"
source = { registry = "https://pypi.org/simple" }
sdist = { url = "https://files.pythonhosted.org/packages/d8/53/6f443c9a4a8358a93a6792e2acffb9d9d5cb0a5cfd8802644b7b1c9a02e4/colorama-0.4.6.tar.gz", hash = "sha256:08695f5cb7ed6e0531a20572697297273c47b8cae5a63ffc6d6ed5c201be6e44", size = 27697, upload-time = "2022-10-25T02:36:22.414Z" }
wheels = [
    { url = "https://files.pythonhosted.org/packages/d1/d6/3965ed04c63042e047cb6a3e6ed1a63a35087b6a609aa3a15ed8ac56c221/colorama-0.4.6-py2.py3-none-any.whl", hash = "sha256:4f1d9991f5acc0ca119f9d443620b77f9d6b33703e51011c16baf57afb285fc6", size = 25335, upload-time = "2022-10-25T02:36:20.889Z" },
]

[[package]]
name = "colorlog"
version = "6.10.1"
source = { registry = "https://pypi.org/simple" }
dependencies = [
    { name = "colorama", marker = "sys_platform == 'win32'" },
]
sdist = { url = "https://files.pythonhosted.org/packages/a2/61/f083b5ac52e505dfc1c624eafbf8c7589a0d7f32daa398d2e7590efa5fda/colorlog-6.10.1.tar.gz", hash = "sha256:eb4ae5cb65fe7fec7773c2306061a8e63e02efc2c72eba9d27b0fa23c94f1321", size = 17162, upload-time = "2025-10-16T16:14:11.978Z" }
wheels = [
    { url = "https://files.pythonhosted.org/packages/6d/c1/e419ef3723a074172b68aaa89c9f3de486ed4c2399e2dbd8113a4fdcaf9e/colorlog-6.10.1-py3-none-any.whl", hash = "sha256:2d7e8348291948af66122cff006c9f8da6255d224e7cf8e37d8de2df3bad8c9c", size = 11743, upload-time = "2025-10-16T16:14:10.512Z" },
]

[[package]]
name = "dependency-groups"
version = "1.3.1"
source = { registry = "https://pypi.org/simple" }
dependencies = [
    { name = "packaging" },
]
sdist = { url = "https://files.pythonhosted.org/packages/62/55/f054de99871e7beb81935dea8a10b90cd5ce42122b1c3081d5282fdb3621/dependency_groups-1.3.1.tar.gz", hash = "sha256:78078301090517fd938c19f64a53ce98c32834dfe0dee6b88004a569a6adfefd", size = 10093, upload-time = "2025-05-02T00:34:29.452Z" }
wheels = [
    { url = "https://files.pythonhosted.org/packages/99/c7/d1ec24fb280caa5a79b6b950db565dab30210a66259d17d5bb2b3a9f878d/dependency_groups-1.3.1-py3-none-any.whl", hash = "sha256:51aeaa0dfad72430fcfb7bcdbefbd75f3792e5919563077f30bc0d73f4493030", size = 8664, upload-time = "2025-05-02T00:34:27.085Z" },
]

[[package]]
name = "distlib"
version = "0.4.0"
source = { registry = "https://pypi.org/simple" }
sdist = { url = "https://files.pythonhosted.org/packages/96/8e/709914eb2b5749865801041647dc7f4e6d00b549cfe88b65ca192995f07c/distlib-0.4.0.tar.gz", hash = "sha256:feec40075be03a04501a973d81f633735b4b69f98b05450592310c0f401a4e0d", size = 614605, upload-time = "2025-07-17T16:52:00.465Z" }
wheels = [
    { url = "https://files.pythonhosted.org/packages/33/6b/e0547afaf41bf2c42e52430072fa5658766e3d65bd4b03a563d1b6336f57/distlib-0.4.0-py2.py3-none-any.whl", hash = "sha256:9659f7d87e46584a30b5780e43ac7a2143098441670ff0a49d5f9034c54a6c16", size = 469047, upload-time = "2025-07-17T16:51:58.613Z" },
]

[[package]]
name = "filelock"
version = "3.20.0"
source = { registry = "https://pypi.org/simple" }
sdist = { url = "https://files.pythonhosted.org/packages/58/46/0028a82567109b5ef6e4d2a1f04a583fb513e6cf9527fcdd09afd817deeb/filelock-3.20.0.tar.gz", hash = "sha256:711e943b4ec6be42e1d4e6690b48dc175c822967466bb31c0c293f34334c13f4", size = 18922, upload-time = "2025-10-08T18:03:50.056Z" }
wheels = [
    { url = "https://files.pythonhosted.org/packages/76/91/7216b27286936c16f5b4d0c530087e4a54eead683e6b0b73dd0c64844af6/filelock-3.20.0-py3-none-any.whl", hash = "sha256:339b4732ffda5cd79b13f4e2711a31b0365ce445d95d243bb996273d072546a2", size = 16054, upload-time = "2025-10-08T18:03:48.35Z" },
]

[[package]]
name = "humanize"
version = "4.14.0"
source = { registry = "https://pypi.org/simple" }
sdist = { url = "https://files.pythonhosted.org/packages/b6/43/50033d25ad96a7f3845f40999b4778f753c3901a11808a584fed7c00d9f5/humanize-4.14.0.tar.gz", hash = "sha256:2fa092705ea640d605c435b1ca82b2866a1b601cdf96f076d70b79a855eba90d", size = 82939, upload-time = "2025-10-15T13:04:51.214Z" }
wheels = [
    { url = "https://files.pythonhosted.org/packages/c3/5b/9512c5fb6c8218332b530f13500c6ff5f3ce3342f35e0dd7be9ac3856fd3/humanize-4.14.0-py3-none-any.whl", hash = "sha256:d57701248d040ad456092820e6fde56c930f17749956ac47f4f655c0c547bfff", size = 132092, upload-time = "2025-10-15T13:04:49.404Z" },
]

[[package]]
name = "nox"
version = "2025.10.16"
source = { registry = "https://pypi.org/simple" }
dependencies = [
    { name = "argcomplete" },
    { name = "attrs" },
    { name = "colorlog" },
    { name = "dependency-groups" },
    { name = "humanize" },
    { name = "packaging" },
    { name = "virtualenv" },
]
sdist = { url = "https://files.pythonhosted.org/packages/3d/3e/16440c5a2c1e867a862479cf7d11d05d0e0f2bb133de3921cb3ed6e37e57/nox-2025.10.16.tar.gz", hash = "sha256:fca1e7504384dbc91dddef3fec45d04572f23c882a87241e2c793b77fe1c9259", size = 4030246, upload-time = "2025-10-17T01:53:07.458Z" }
wheels = [
    { url = "https://files.pythonhosted.org/packages/6f/68/f4a9cd43dcd6cf9138e0fb39b3b8f17a82b121e8c26499d864e64c329cd0/nox-2025.10.16-py3-none-any.whl", hash = "sha256:b4ef28709d5fb0d964ccc987c8863f76ed860700fabd04ad557252df3562a7e5", size = 74405, upload-time = "2025-10-17T01:53:05.792Z" },
]

[[package]]
name = "packaging"
version = "25.0"
source = { registry = "https://pypi.org/simple" }
sdist = { url = "https://files.pythonhosted.org/packages/a1/d4/1fc4078c65507b51b96ca8f8c3ba19e6a61c8253c72794544580a7b6c24d/packaging-25.0.tar.gz", hash = "sha256:d443872c98d677bf60f6a1f2f8c1cb748e8fe762d2bf9d3148b5599295b0fc4f", size = 165727, upload-time = "2025-04-19T11:48:59.673Z" }
wheels = [
    { url = "https://files.pythonhosted.org/packages/20/12/38679034af332785aac8774540895e234f4d07f7545804097de4b666afd8/packaging-25.0-py3-none-any.whl", hash = "sha256:29572ef2b1f17581046b3a2227d5c611fb25ec70ca1ba8554b24b0e69331a484", size = 66469, upload-time = "2025-04-19T11:48:57.875Z" },
]

[[package]]
name = "platformdirs"
version = "4.5.0"
source = { registry = "https://pypi.org/simple" }
sdist = { url = "https://files.pythonhosted.org/packages/61/33/9611380c2bdb1225fdef633e2a9610622310fed35ab11dac9620972ee088/platformdirs-4.5.0.tar.gz", hash = "sha256:70ddccdd7c99fc5942e9fc25636a8b34d04c24b335100223152c2803e4063312", size = 21632, upload-time = "2025-10-08T17:44:48.791Z" }
wheels = [
    { url = "https://files.pythonhosted.org/packages/73/cb/ac7874b3e5d58441674fb70742e6c374b28b0c7cb988d37d991cde47166c/platformdirs-4.5.0-py3-none-any.whl", hash = "sha256:e578a81bb873cbb89a41fcc904c7ef523cc18284b7e3b3ccf06aca1403b7ebd3", size = 18651, upload-time = "2025-10-08T17:44:47.223Z" },
]

[[package]]
name = "virtualenv"
version = "20.35.3"
source = { registry = "https://pypi.org/simple" }
dependencies = [
    { name = "distlib" },
    { name = "filelock" },
    { name = "platformdirs" },
]
sdist = { url = "https://files.pythonhosted.org/packages/a4/d5/b0ccd381d55c8f45d46f77df6ae59fbc23d19e901e2d523395598e5f4c93/virtualenv-20.35.3.tar.gz", hash = "sha256:4f1a845d131133bdff10590489610c98c168ff99dc75d6c96853801f7f67af44", size = 6002907, upload-time = "2025-10-10T21:23:33.178Z" }
wheels = [
    { url = "https://files.pythonhosted.org/packages/27/73/d9a94da0e9d470a543c1b9d3ccbceb0f59455983088e727b8a1824ed90fb/virtualenv-20.35.3-py3-none-any.whl", hash = "sha256:63d106565078d8c8d0b206d48080f938a8b25361e19432d2c9db40d2899c810a", size = 5981061, upload-time = "2025-10-10T21:23:30.433Z" },
]
