version = 1
revision = 2
requires-python = ">=3.9"

[[package]]
name = "colorama"
version = "0.4.6"
source = { registry = "https://pypi.org/simple" }
sdist = { url = "https://files.pythonhosted.org/packages/d8/53/6f443c9a4a8358a93a6792e2acffb9d9d5cb0a5cfd8802644b7b1c9a02e4/colorama-0.4.6.tar.gz", hash = "sha256:08695f5cb7ed6e0531a20572697297273c47b8cae5a63ffc6d6ed5c201be6e44", size = 27697, upload-time = "2022-10-25T02:36:22.414Z" }
wheels = [
    { url = "https://files.pythonhosted.org/packages/d1/d6/3965ed04c63042e047cb6a3e6ed1a63a35087b6a609aa3a15ed8ac56c221/colorama-0.4.6-py2.py3-none-any.whl", hash = "sha256:4f1d9991f5acc0ca119f9d443620b77f9d6b33703e51011c16baf57afb285fc6", size = 25335, upload-time = "2022-10-25T02:36:20.889Z" },
]

[[package]]
name = "exceptiongroup"
version = "1.3.0"
source = { registry = "https://pypi.org/simple" }
dependencies = [
    { name = "typing-extensions", marker = "python_full_version < '3.13'" },
]
sdist = { url = "https://files.pythonhosted.org/packages/0b/9f/a65090624ecf468cdca03533906e7c69ed7588582240cfe7cc9e770b50eb/exceptiongroup-1.3.0.tar.gz", hash = "sha256:b241f5885f560bc56a59ee63ca4c6a8bfa46ae4ad651af316d4e81817bb9fd88", size = 29749, upload-time = "2025-05-10T17:42:51.123Z" }
wheels = [
    { url = "https://files.pythonhosted.org/packages/36/f4/c6e662dade71f56cd2f3735141b265c3c79293c109549c1e6933b0651ffc/exceptiongroup-1.3.0-py3-none-any.whl", hash = "sha256:4d111e6e0c13d0644cad6ddaa7ed0261a0b36971f6d23e7ec9b4b9097da78a10", size = 16674, upload-time = "2025-05-10T17:42:49.33Z" },
]

[[package]]
name = "importlib-metadata"
version = "8.7.0"
source = { registry = "https://pypi.org/simple" }
dependencies = [
    { name = "zipp" },
]
sdist = { url = "https://files.pythonhosted.org/packages/76/66/650a33bd90f786193e4de4b3ad86ea60b53c89b669a5c7be931fac31cdb0/importlib_metadata-8.7.0.tar.gz", hash = "sha256:d13b81ad223b890aa16c5471f2ac3056cf76c5f10f82d6f9292f0b415f389000", size = 56641, upload-time = "2025-04-27T15:29:01.736Z" }
wheels = [
    { url = "https://files.pythonhosted.org/packages/20/b0/36bd937216ec521246249be3bf9855081de4c5e06a0c9b4219dbeda50373/importlib_metadata-8.7.0-py3-none-any.whl", hash = "sha256:e5dd1551894c77868a30651cef00984d50e1002d06942a7101d34870c5f02afd", size = 27656, upload-time = "2025-04-27T15:29:00.214Z" },
]

[[package]]
name = "iniconfig"
version = "2.1.0"
source = { registry = "https://pypi.org/simple" }
sdist = { url = "https://files.pythonhosted.org/packages/f2/97/ebf4da567aa6827c909642694d71c9fcf53e5b504f2d96afea02718862f3/iniconfig-2.1.0.tar.gz", hash = "sha256:3abbd2e30b36733fee78f9c7f7308f2d0050e88f0087fd25c2645f63c773e1c7", size = 4793, upload-time = "2025-03-19T20:09:59.721Z" }
wheels = [
    { url = "https://files.pythonhosted.org/packages/2c/e1/e6716421ea10d38022b952c159d5161ca1193197fb744506875fbb87ea7b/iniconfig-2.1.0-py3-none-any.whl", hash = "sha256:9deba5723312380e77435581c6bf4935c94cbfab9b1ed33ef8d238ea168eb760", size = 6050, upload-time = "2025-03-19T20:10:01.071Z" },
]

[[package]]
name = "mypy"
source = { editable = "../../mypy" }
dependencies = [
    { name = "mypy-extensions" },
    { name = "tomli", marker = "python_full_version < '3.11'" },
    { name = "typing-extensions" },
]

[package.metadata]
requires-dist = [
    { name = "lxml", marker = "extra == 'reports'" },
    { name = "mypy-extensions", specifier = ">=1.0.0" },
    { name = "orjson", marker = "extra == 'faster-cache'" },
    { name = "pip", marker = "extra == 'install-types'" },
    { name = "psutil", marker = "extra == 'dmypy'", specifier = ">=4.0" },
    { name = "setuptools", marker = "extra == 'mypyc'", specifier = ">=50" },
    { name = "tomli", marker = "python_full_version < '3.11'", specifier = ">=1.1.0" },
    { name = "typing-extensions", specifier = ">=4.6.0" },
]
provides-extras = ["dmypy", "mypyc", "python2", "reports", "install-types", "faster-cache"]

[[package]]
name = "mypy-extensions"
version = "1.1.0"
source = { registry = "https://pypi.org/simple" }
sdist = { url = "https://files.pythonhosted.org/packages/a2/6e/371856a3fb9d31ca8dac321cda606860fa4548858c0cc45d9d1d4ca2628b/mypy_extensions-1.1.0.tar.gz", hash = "sha256:52e68efc3284861e772bbcd66823fde5ae21fd2fdb51c62a211403730b916558", size = 6343, upload-time = "2025-04-22T14:54:24.164Z" }
wheels = [
    { url = "https://files.pythonhosted.org/packages/79/7b/2c79738432f5c924bef5071f933bcc9efd0473bac3b4aa584a6f7c1c8df8/mypy_extensions-1.1.0-py3-none-any.whl", hash = "sha256:1be4cccdb0f2482337c4743e60421de3a356cd97508abadd57d47403e94f5505", size = 4963, upload-time = "2025-04-22T14:54:22.983Z" },
]

[[package]]
name = "packaging"
version = "25.0"
source = { registry = "https://pypi.org/simple" }
sdist = { url = "https://files.pythonhosted.org/packages/a1/d4/1fc4078c65507b51b96ca8f8c3ba19e6a61c8253c72794544580a7b6c24d/packaging-25.0.tar.gz", hash = "sha256:d443872c98d677bf60f6a1f2f8c1cb748e8fe762d2bf9d3148b5599295b0fc4f", size = 165727, upload-time = "2025-04-19T11:48:59.673Z" }
wheels = [
    { url = "https://files.pythonhosted.org/packages/20/12/38679034af332785aac8774540895e234f4d07f7545804097de4b666afd8/packaging-25.0-py3-none-any.whl", hash = "sha256:29572ef2b1f17581046b3a2227d5c611fb25ec70ca1ba8554b24b0e69331a484", size = 66469, upload-time = "2025-04-19T11:48:57.875Z" },
]

[[package]]
name = "pluggy"
version = "1.6.0"
source = { registry = "https://pypi.org/simple" }
sdist = { url = "https://files.pythonhosted.org/packages/f9/e2/3e91f31a7d2b083fe6ef3fa267035b518369d9511ffab804f839851d2779/pluggy-1.6.0.tar.gz", hash = "sha256:7dcc130b76258d33b90f61b658791dede3486c3e6bfb003ee5c9bfb396dd22f3", size = 69412, upload-time = "2025-05-15T12:30:07.975Z" }
wheels = [
    { url = "https://files.pythonhosted.org/packages/54/20/4d324d65cc6d9205fabedc306948156824eb9f0ee1633355a8f7ec5c66bf/pluggy-1.6.0-py3-none-any.whl", hash = "sha256:e920276dd6813095e9377c0bc5566d94c932c33b27a3e3945d8389c374dd4746", size = 20538, upload-time = "2025-05-15T12:30:06.134Z" },
]

[[package]]
name = "pygments"
version = "2.19.2"
source = { registry = "https://pypi.org/simple" }
sdist = { url = "https://files.pythonhosted.org/packages/b0/77/a5b8c569bf593b0140bde72ea885a803b82086995367bf2037de0159d924/pygments-2.19.2.tar.gz", hash = "sha256:636cb2477cec7f8952536970bc533bc43743542f70392ae026374600add5b887", size = 4968631, upload-time = "2025-06-21T13:39:12.283Z" }
wheels = [
    { url = "https://files.pythonhosted.org/packages/c7/21/705964c7812476f378728bdf590ca4b771ec72385c533964653c68e86bdc/pygments-2.19.2-py3-none-any.whl", hash = "sha256:86540386c03d588bb81d44bc3928634ff26449851e99741617ecb9037ee5ec0b", size = 1225217, upload-time = "2025-06-21T13:39:07.939Z" },
]

[[package]]
name = "pyside6"
version = "6.5.1.1"
source = { registry = "https://pypi.org/simple" }
dependencies = [
    { name = "pyside6-addons" },
    { name = "pyside6-essentials" },
    { name = "shiboken6" },
]
wheels = [
    { url = "https://files.pythonhosted.org/packages/14/35/cb8644b026eee5fdd68f6acfc945c385d535322acf539a1e42760a7cce31/PySide6-6.5.1.1-cp37-abi3-macosx_10_9_universal2.whl", hash = "sha256:dc2d249ea2486526d1bb74e6cf96e2b49f2089cf069ab289a168aa48b5c251d5", size = 6699, upload-time = "2023-06-06T10:01:21.387Z" },
    { url = "https://files.pythonhosted.org/packages/95/58/7c4d36e68802893799887dfeac7fb2fa74de1f21457e10815290cad41fc2/PySide6-6.5.1.1-cp37-abi3-manylinux_2_28_x86_64.whl", hash = "sha256:b7b6588527eb1ca45afb8918f109d827f7d248beaec14e7acdaea18883680aee", size = 6698, upload-time = "2023-06-06T10:01:22.751Z" },
    { url = "https://files.pythonhosted.org/packages/d0/c8/3ccff5095052009c3206cfd5229e95781f08f63a2a62b774b8fd925cc82a/PySide6-6.5.1.1-cp37-abi3-win_amd64.whl", hash = "sha256:1517dd56f7235a98f3e1fcc983d3c8cf3d539b33164815c6e06442a297d2ab0d", size = 7233, upload-time = "2023-06-06T10:01:24.53Z" },
    { url = "https://files.pythonhosted.org/packages/5a/df/a21c4cf5f67b133eeef6e2abe6796e1932b5aeb1c2ebd678a20b50cf5e56/PySide6-6.5.1.1-pp39-pypy39_pp73-macosx_10_9_universal2.whl", hash = "sha256:a55403254ff7421bea5b8e2196fded24e4a0357d3b1f10d5f01ffc3ae937c71a", size = 6716, upload-time = "2023-06-06T10:01:25.77Z" },
    { url = "https://files.pythonhosted.org/packages/83/92/40b3ffb46e1f3f4808f957788c141117813d8b76b5f3b14a023d91874e7b/PySide6-6.5.1.1-pp39-pypy39_pp73-manylinux_2_28_x86_64.whl", hash = "sha256:25c83843de0aa562631620721e4599eed55bc96747ed869caa631ecf92070951", size = 6713, upload-time = "2023-06-06T10:01:27.475Z" },
    { url = "https://files.pythonhosted.org/packages/a6/0b/e10621ac0fd7a6923f6bbc0c058ad880944c949554693a1a404b7b253468/PySide6-6.5.1.1-pp39-pypy39_pp73-win_amd64.whl", hash = "sha256:645c1a99c37a0ce045b23fb35faacf54d98442cc16f621fe1dad2a1d2880e5e3", size = 7273, upload-time = "2023-06-06T10:01:29.237Z" },
]

[[package]]
name = "pyside6-addons"
version = "6.5.1.1"
source = { registry = "https://pypi.org/simple" }
dependencies = [
    { name = "pyside6-essentials" },
    { name = "shiboken6" },
]
wheels = [
    { url = "https://files.pythonhosted.org/packages/e9/86/8c1ddd9f00f56f5685907ffc2d0041599342ee4afa06b4a5b5bc848ce759/PySide6_Addons-6.5.1.1-cp37-abi3-macosx_10_9_universal2.whl", hash = "sha256:aadda3376a81dbead867380f7ae81d2fe0fb1ffd482bfc10212be8b0d06c2c4c", size = 255305028, upload-time = "2023-06-06T09:44:11.747Z" },
    { url = "https://files.pythonhosted.org/packages/49/b9/c876db795cc2916baf509edf0e4cc84824ae72f880219f8f55b06eeea46d/PySide6_Addons-6.5.1.1-cp37-abi3-manylinux_2_28_x86_64.whl", hash = "sha256:cf18c88274d6c9c29cccbecb11c72b1f0b0bb077dc044f9b40354f13d0c1c52e", size = 126244170, upload-time = "2023-06-06T09:45:30.183Z" },
    { url = "https://files.pythonhosted.org/packages/9f/11/b54f287cc97a61618cab7b96317f3c3589ca2c98c94e9d242b4444209166/PySide6_Addons-6.5.1.1-cp37-abi3-win_amd64.whl", hash = "sha256:d6370dfd03329cdcc91288d64bd1e26a5fc1908958b8a81fea5010a5849db441", size = 111786839, upload-time = "2023-06-06T09:46:38.24Z" },
    { url = "https://files.pythonhosted.org/packages/2b/fa/1882946bddb670223b69a65a3f1a1fce908a83b637e722d31148bbfa9ed1/PySide6_Addons-6.5.1.1-pp39-pypy39_pp73-macosx_10_9_universal2.whl", hash = "sha256:e3ab22776e620d9467ffb2d76be06d5a3b8b3859d77e2e73f65f2b29018645e7", size = 255235734, upload-time = "2023-06-06T09:49:01.798Z" },
    { url = "https://files.pythonhosted.org/packages/8a/b4/0e253416294939e52a99f7bd515e7a602b561895bdda7b7aae7552768376/PySide6_Addons-6.5.1.1-pp39-pypy39_pp73-manylinux_2_28_x86_64.whl", hash = "sha256:4e1bc141a7aa9488dc77c9b29ad412e417e601cc8e23050517f7c6c8634feb46", size = 126218104, upload-time = "2023-06-06T09:50:11.741Z" },
    { url = "https://files.pythonhosted.org/packages/d7/5d/562cc06ee527e6cdd0482595b6a49722d9937a48a1e8156ee34c4c51b6c6/PySide6_Addons-6.5.1.1-pp39-pypy39_pp73-win_amd64.whl", hash = "sha256:441f8797d6b01c9dd9b848d0e156b2b5042d71d9266d0a6ded48c9b1cd337821", size = 111770075, upload-time = "2023-06-06T09:51:11.252Z" },
]

[[package]]
name = "pyside6-essentials"
version = "6.5.1.1"
source = { registry = "https://pypi.org/simple" }
dependencies = [
    { name = "shiboken6" },
]
wheels = [
    { url = "https://files.pythonhosted.org/packages/01/7f/d06b5928529d81f13ae077a22f43cfcf52a9c6c4dd69ded1880ee0009129/PySide6_Essentials-6.5.1.1-cp37-abi3-macosx_10_9_universal2.whl", hash = "sha256:c0cc3b1e7ca0e6b7a0cb8190a8538242972df43c1f9014cc0cd066d4ed7fc83a", size = 143233267, upload-time = "2023-06-06T09:53:02.089Z" },
    { url = "https://files.pythonhosted.org/packages/70/e8/03eda344006d9742f61f00d3b945f9978d01bc93553a9f48590b14f4373c/PySide6_Essentials-6.5.1.1-cp37-abi3-manylinux_2_28_x86_64.whl", hash = "sha256:bfd8900b1bf6a595b7d63539817bc825941f737486a093d519514c5b67af789f", size = 80853673, upload-time = "2023-06-06T09:54:09.738Z" },
    { url = "https://files.pythonhosted.org/packages/e1/9e/62f05a7c2c69fd3347eecb3d08bd48481a7dd5f296ac46a530be54a2d8f8/PySide6_Essentials-6.5.1.1-cp37-abi3-win_amd64.whl", hash = "sha256:1346e6a4e97d97f54e6c0805150c6dead4cc0e7914d77167f836eb36b83acb5c", size = 72750573, upload-time = "2023-06-06T09:55:08.942Z" },
    { url = "https://files.pythonhosted.org/packages/46/8e/d95d8ab8a8cb45c0f7101a9b924730f8a4d1fc46c37a7f49067f0e288fa5/PySide6_Essentials-6.5.1.1-pp39-pypy39_pp73-macosx_10_9_universal2.whl", hash = "sha256:0111386918064fa84a498ed7a6e93ec4155fe96e8d4f9c9e3ac54a5b65ddfadf", size = 142944559, upload-time = "2023-06-06T09:56:50.233Z" },
    { url = "https://files.pythonhosted.org/packages/d6/52/400f0e304af42b234e15227fc8ab47006c28ab32974ce1f8f5d10fbc1579/PySide6_Essentials-6.5.1.1-pp39-pypy39_pp73-manylinux_2_28_x86_64.whl", hash = "sha256:6264b00099a9bed0020460033e2a4369513e0e69f7abe3f436c3c6390164bcea", size = 80714744, upload-time = "2023-06-06T09:58:05.432Z" },
    { url = "https://files.pythonhosted.org/packages/b5/9d/6dca2c1f22bff82e9a4083ae7c5573674f7e7f809b8af9c7d48b226f2f15/PySide6_Essentials-6.5.1.1-pp39-pypy39_pp73-win_amd64.whl", hash = "sha256:620cefb6c954d59f941f06acecfe5cdf42bf470f2f3e6b9d023f49f93d740080", size = 72682053, upload-time = "2023-06-06T09:58:49.564Z" },
]

[[package]]
name = "pytest"
version = "8.4.1"
source = { registry = "https://pypi.org/simple" }
dependencies = [
    { name = "colorama", marker = "sys_platform == 'win32'" },
    { name = "exceptiongroup", marker = "python_full_version < '3.11'" },
    { name = "iniconfig" },
    { name = "packaging" },
    { name = "pluggy" },
    { name = "pygments" },
    { name = "tomli", marker = "python_full_version < '3.11'" },
]
sdist = { url = "https://files.pythonhosted.org/packages/08/ba/45911d754e8eba3d5a841a5ce61a65a685ff1798421ac054f85aa8747dfb/pytest-8.4.1.tar.gz", hash = "sha256:7c67fd69174877359ed9371ec3af8a3d2b04741818c51e5e99cc1742251fa93c", size = 1517714, upload-time = "2025-06-18T05:48:06.109Z" }
wheels = [
    { url = "https://files.pythonhosted.org/packages/29/16/c8a903f4c4dffe7a12843191437d7cd8e32751d5de349d45d3fe69544e87/pytest-8.4.1-py3-none-any.whl", hash = "sha256:539c70ba6fcead8e78eebbf1115e8b589e7565830d7d006a8723f19ac8a0afb7", size = 365474, upload-time = "2025-06-18T05:48:03.955Z" },
]

[[package]]
name = "shiboken6"
version = "6.5.1.1"
source = { registry = "https://pypi.org/simple" }
wheels = [
    { url = "https://files.pythonhosted.org/packages/82/3a/c18bb6e10a0ee032ee1ca5536f34e27d9704459f26e43f3a2b2a061c1f0f/shiboken6-6.5.1.1-cp37-abi3-macosx_10_9_universal2.whl", hash = "sha256:59fc1797df38c9e8c89cc43d5996a4c0331d0258087fa9d6466b03822aba6ff2", size = 343837, upload-time = "2023-06-06T10:00:50.123Z" },
    { url = "https://files.pythonhosted.org/packages/50/91/edfc225f226363c1ec19020021e7c41b20053899ced5f9d30c8b47fb24bd/shiboken6-6.5.1.1-cp37-abi3-manylinux_2_28_x86_64.whl", hash = "sha256:4338a8eb00e8d6f5b27edf85ab689ada905a4490c73ed3f23ff3b3c5f72a563e", size = 173912, upload-time = "2023-06-06T10:00:53.16Z" },
    { url = "https://files.pythonhosted.org/packages/1f/50/aa903c93cb4df3979e97ba152ce7994df7ff3cbb7407909a4985c59a27f0/shiboken6-6.5.1.1-cp37-abi3-win_amd64.whl", hash = "sha256:aa6289cdbaa12f364f1c45d60d9d483c3842ee9cf6e9acdc3efd21cd460c2eb5", size = 1067354, upload-time = "2023-06-06T10:00:56.355Z" },
    { url = "https://files.pythonhosted.org/packages/55/47/e3b37f426cce9e325f0bb8dc4410f3accba94e2b6bcef9530ea26a9e5dce/shiboken6-6.5.1.1-pp39-pypy39_pp73-macosx_10_9_universal2.whl", hash = "sha256:db029b9d895052c1f42b1f929af3a5f6e688a88c5862aed24d5094086b034ab2", size = 425432, upload-time = "2023-06-06T10:00:59.722Z" },
    { url = "https://files.pythonhosted.org/packages/42/98/3d3b9e3a9931228ccad6be263b2036bf83e93312048d3ad795dbf234ebf9/shiboken6-6.5.1.1-pp39-pypy39_pp73-manylinux_2_28_x86_64.whl", hash = "sha256:1c7ba82093d66ace5c7a07ed9c7b4ea57a311ddbfecbe44aff7ed023efc8a380", size = 215729, upload-time = "2023-06-06T10:01:02Z" },
    { url = "https://files.pythonhosted.org/packages/5d/8f/c33a85610a3764c02474f01f47e6af8953ba12796cbd65a271769ebdbf9c/shiboken6-6.5.1.1-pp39-pypy39_pp73-win_amd64.whl", hash = "sha256:34cacba2954bff632476fbead190868c6f068a6dd9e5c8fd7d2ed4f8f5cfade4", size = 1110859, upload-time = "2023-06-06T10:01:06.623Z" },
]

[[package]]
name = "stubgenlib"
version = "0.3.0"
source = { editable = "../common" }
dependencies = [
    { name = "mypy" },
    { name = "typeguard" },
]

[package.metadata]
requires-dist = [
    { name = "mypy", specifier = ">=1.15.0,<1.17.0" },
    { name = "typeguard" },
]

[package.metadata.requires-dev]
dev = [{ name = "pytest" }]

[[package]]
name = "tomli"
version = "2.2.1"
source = { registry = "https://pypi.org/simple" }
sdist = { url = "https://files.pythonhosted.org/packages/18/87/302344fed471e44a87289cf4967697d07e532f2421fdaf868a303cbae4ff/tomli-2.2.1.tar.gz", hash = "sha256:cd45e1dc79c835ce60f7404ec8119f2eb06d38b1deba146f07ced3bbc44505ff", size = 17175, upload-time = "2024-11-27T22:38:36.873Z" }
wheels = [
    { url = "https://files.pythonhosted.org/packages/43/ca/75707e6efa2b37c77dadb324ae7d9571cb424e61ea73fad7c56c2d14527f/tomli-2.2.1-cp311-cp311-macosx_10_9_x86_64.whl", hash = "sha256:678e4fa69e4575eb77d103de3df8a895e1591b48e740211bd1067378c69e8249", size = 131077, upload-time = "2024-11-27T22:37:54.956Z" },
    { url = "https://files.pythonhosted.org/packages/c7/16/51ae563a8615d472fdbffc43a3f3d46588c264ac4f024f63f01283becfbb/tomli-2.2.1-cp311-cp311-macosx_11_0_arm64.whl", hash = "sha256:023aa114dd824ade0100497eb2318602af309e5a55595f76b626d6d9f3b7b0a6", size = 123429, upload-time = "2024-11-27T22:37:56.698Z" },
    { url = "https://files.pythonhosted.org/packages/f1/dd/4f6cd1e7b160041db83c694abc78e100473c15d54620083dbd5aae7b990e/tomli-2.2.1-cp311-cp311-manylinux_2_17_aarch64.manylinux2014_aarch64.whl", hash = "sha256:ece47d672db52ac607a3d9599a9d48dcb2f2f735c6c2d1f34130085bb12b112a", size = 226067, upload-time = "2024-11-27T22:37:57.63Z" },
    { url = "https://files.pythonhosted.org/packages/a9/6b/c54ede5dc70d648cc6361eaf429304b02f2871a345bbdd51e993d6cdf550/tomli-2.2.1-cp311-cp311-manylinux_2_17_x86_64.manylinux2014_x86_64.whl", hash = "sha256:6972ca9c9cc9f0acaa56a8ca1ff51e7af152a9f87fb64623e31d5c83700080ee", size = 236030, upload-time = "2024-11-27T22:37:59.344Z" },
    { url = "https://files.pythonhosted.org/packages/1f/47/999514fa49cfaf7a92c805a86c3c43f4215621855d151b61c602abb38091/tomli-2.2.1-cp311-cp311-manylinux_2_5_i686.manylinux1_i686.manylinux_2_17_i686.manylinux2014_i686.whl", hash = "sha256:c954d2250168d28797dd4e3ac5cf812a406cd5a92674ee4c8f123c889786aa8e", size = 240898, upload-time = "2024-11-27T22:38:00.429Z" },
    { url = "https://files.pythonhosted.org/packages/73/41/0a01279a7ae09ee1573b423318e7934674ce06eb33f50936655071d81a24/tomli-2.2.1-cp311-cp311-musllinux_1_2_aarch64.whl", hash = "sha256:8dd28b3e155b80f4d54beb40a441d366adcfe740969820caf156c019fb5c7ec4", size = 229894, upload-time = "2024-11-27T22:38:02.094Z" },
    { url = "https://files.pythonhosted.org/packages/55/18/5d8bc5b0a0362311ce4d18830a5d28943667599a60d20118074ea1b01bb7/tomli-2.2.1-cp311-cp311-musllinux_1_2_i686.whl", hash = "sha256:e59e304978767a54663af13c07b3d1af22ddee3bb2fb0618ca1593e4f593a106", size = 245319, upload-time = "2024-11-27T22:38:03.206Z" },
    { url = "https://files.pythonhosted.org/packages/92/a3/7ade0576d17f3cdf5ff44d61390d4b3febb8a9fc2b480c75c47ea048c646/tomli-2.2.1-cp311-cp311-musllinux_1_2_x86_64.whl", hash = "sha256:33580bccab0338d00994d7f16f4c4ec25b776af3ffaac1ed74e0b3fc95e885a8", size = 238273, upload-time = "2024-11-27T22:38:04.217Z" },
    { url = "https://files.pythonhosted.org/packages/72/6f/fa64ef058ac1446a1e51110c375339b3ec6be245af9d14c87c4a6412dd32/tomli-2.2.1-cp311-cp311-win32.whl", hash = "sha256:465af0e0875402f1d226519c9904f37254b3045fc5084697cefb9bdde1ff99ff", size = 98310, upload-time = "2024-11-27T22:38:05.908Z" },
    { url = "https://files.pythonhosted.org/packages/6a/1c/4a2dcde4a51b81be3530565e92eda625d94dafb46dbeb15069df4caffc34/tomli-2.2.1-cp311-cp311-win_amd64.whl", hash = "sha256:2d0f2fdd22b02c6d81637a3c95f8cd77f995846af7414c5c4b8d0545afa1bc4b", size = 108309, upload-time = "2024-11-27T22:38:06.812Z" },
    { url = "https://files.pythonhosted.org/packages/52/e1/f8af4c2fcde17500422858155aeb0d7e93477a0d59a98e56cbfe75070fd0/tomli-2.2.1-cp312-cp312-macosx_10_13_x86_64.whl", hash = "sha256:4a8f6e44de52d5e6c657c9fe83b562f5f4256d8ebbfe4ff922c495620a7f6cea", size = 132762, upload-time = "2024-11-27T22:38:07.731Z" },
    { url = "https://files.pythonhosted.org/packages/03/b8/152c68bb84fc00396b83e7bbddd5ec0bd3dd409db4195e2a9b3e398ad2e3/tomli-2.2.1-cp312-cp312-macosx_11_0_arm64.whl", hash = "sha256:8d57ca8095a641b8237d5b079147646153d22552f1c637fd3ba7f4b0b29167a8", size = 123453, upload-time = "2024-11-27T22:38:09.384Z" },
    { url = "https://files.pythonhosted.org/packages/c8/d6/fc9267af9166f79ac528ff7e8c55c8181ded34eb4b0e93daa767b8841573/tomli-2.2.1-cp312-cp312-manylinux_2_17_aarch64.manylinux2014_aarch64.whl", hash = "sha256:4e340144ad7ae1533cb897d406382b4b6fede8890a03738ff1683af800d54192", size = 233486, upload-time = "2024-11-27T22:38:10.329Z" },
    { url = "https://files.pythonhosted.org/packages/5c/51/51c3f2884d7bab89af25f678447ea7d297b53b5a3b5730a7cb2ef6069f07/tomli-2.2.1-cp312-cp312-manylinux_2_17_x86_64.manylinux2014_x86_64.whl", hash = "sha256:db2b95f9de79181805df90bedc5a5ab4c165e6ec3fe99f970d0e302f384ad222", size = 242349, upload-time = "2024-11-27T22:38:11.443Z" },
    { url = "https://files.pythonhosted.org/packages/ab/df/bfa89627d13a5cc22402e441e8a931ef2108403db390ff3345c05253935e/tomli-2.2.1-cp312-cp312-manylinux_2_5_i686.manylinux1_i686.manylinux_2_17_i686.manylinux2014_i686.whl", hash = "sha256:40741994320b232529c802f8bc86da4e1aa9f413db394617b9a256ae0f9a7f77", size = 252159, upload-time = "2024-11-27T22:38:13.099Z" },
    { url = "https://files.pythonhosted.org/packages/9e/6e/fa2b916dced65763a5168c6ccb91066f7639bdc88b48adda990db10c8c0b/tomli-2.2.1-cp312-cp312-musllinux_1_2_aarch64.whl", hash = "sha256:400e720fe168c0f8521520190686ef8ef033fb19fc493da09779e592861b78c6", size = 237243, upload-time = "2024-11-27T22:38:14.766Z" },
    { url = "https://files.pythonhosted.org/packages/b4/04/885d3b1f650e1153cbb93a6a9782c58a972b94ea4483ae4ac5cedd5e4a09/tomli-2.2.1-cp312-cp312-musllinux_1_2_i686.whl", hash = "sha256:02abe224de6ae62c19f090f68da4e27b10af2b93213d36cf44e6e1c5abd19fdd", size = 259645, upload-time = "2024-11-27T22:38:15.843Z" },
    { url = "https://files.pythonhosted.org/packages/9c/de/6b432d66e986e501586da298e28ebeefd3edc2c780f3ad73d22566034239/tomli-2.2.1-cp312-cp312-musllinux_1_2_x86_64.whl", hash = "sha256:b82ebccc8c8a36f2094e969560a1b836758481f3dc360ce9a3277c65f374285e", size = 244584, upload-time = "2024-11-27T22:38:17.645Z" },
    { url = "https://files.pythonhosted.org/packages/1c/9a/47c0449b98e6e7d1be6cbac02f93dd79003234ddc4aaab6ba07a9a7482e2/tomli-2.2.1-cp312-cp312-win32.whl", hash = "sha256:889f80ef92701b9dbb224e49ec87c645ce5df3fa2cc548664eb8a25e03127a98", size = 98875, upload-time = "2024-11-27T22:38:19.159Z" },
    { url = "https://files.pythonhosted.org/packages/ef/60/9b9638f081c6f1261e2688bd487625cd1e660d0a85bd469e91d8db969734/tomli-2.2.1-cp312-cp312-win_amd64.whl", hash = "sha256:7fc04e92e1d624a4a63c76474610238576942d6b8950a2d7f908a340494e67e4", size = 109418, upload-time = "2024-11-27T22:38:20.064Z" },
    { url = "https://files.pythonhosted.org/packages/04/90/2ee5f2e0362cb8a0b6499dc44f4d7d48f8fff06d28ba46e6f1eaa61a1388/tomli-2.2.1-cp313-cp313-macosx_10_13_x86_64.whl", hash = "sha256:f4039b9cbc3048b2416cc57ab3bda989a6fcf9b36cf8937f01a6e731b64f80d7", size = 132708, upload-time = "2024-11-27T22:38:21.659Z" },
    { url = "https://files.pythonhosted.org/packages/c0/ec/46b4108816de6b385141f082ba99e315501ccd0a2ea23db4a100dd3990ea/tomli-2.2.1-cp313-cp313-macosx_11_0_arm64.whl", hash = "sha256:286f0ca2ffeeb5b9bd4fcc8d6c330534323ec51b2f52da063b11c502da16f30c", size = 123582, upload-time = "2024-11-27T22:38:22.693Z" },
    { url = "https://files.pythonhosted.org/packages/a0/bd/b470466d0137b37b68d24556c38a0cc819e8febe392d5b199dcd7f578365/tomli-2.2.1-cp313-cp313-manylinux_2_17_aarch64.manylinux2014_aarch64.whl", hash = "sha256:a92ef1a44547e894e2a17d24e7557a5e85a9e1d0048b0b5e7541f76c5032cb13", size = 232543, upload-time = "2024-11-27T22:38:24.367Z" },
    { url = "https://files.pythonhosted.org/packages/d9/e5/82e80ff3b751373f7cead2815bcbe2d51c895b3c990686741a8e56ec42ab/tomli-2.2.1-cp313-cp313-manylinux_2_17_x86_64.manylinux2014_x86_64.whl", hash = "sha256:9316dc65bed1684c9a98ee68759ceaed29d229e985297003e494aa825ebb0281", size = 241691, upload-time = "2024-11-27T22:38:26.081Z" },
    { url = "https://files.pythonhosted.org/packages/05/7e/2a110bc2713557d6a1bfb06af23dd01e7dde52b6ee7dadc589868f9abfac/tomli-2.2.1-cp313-cp313-manylinux_2_5_i686.manylinux1_i686.manylinux_2_17_i686.manylinux2014_i686.whl", hash = "sha256:e85e99945e688e32d5a35c1ff38ed0b3f41f43fad8df0bdf79f72b2ba7bc5272", size = 251170, upload-time = "2024-11-27T22:38:27.921Z" },
    { url = "https://files.pythonhosted.org/packages/64/7b/22d713946efe00e0adbcdfd6d1aa119ae03fd0b60ebed51ebb3fa9f5a2e5/tomli-2.2.1-cp313-cp313-musllinux_1_2_aarch64.whl", hash = "sha256:ac065718db92ca818f8d6141b5f66369833d4a80a9d74435a268c52bdfa73140", size = 236530, upload-time = "2024-11-27T22:38:29.591Z" },
    { url = "https://files.pythonhosted.org/packages/38/31/3a76f67da4b0cf37b742ca76beaf819dca0ebef26d78fc794a576e08accf/tomli-2.2.1-cp313-cp313-musllinux_1_2_i686.whl", hash = "sha256:d920f33822747519673ee656a4b6ac33e382eca9d331c87770faa3eef562aeb2", size = 258666, upload-time = "2024-11-27T22:38:30.639Z" },
    { url = "https://files.pythonhosted.org/packages/07/10/5af1293da642aded87e8a988753945d0cf7e00a9452d3911dd3bb354c9e2/tomli-2.2.1-cp313-cp313-musllinux_1_2_x86_64.whl", hash = "sha256:a198f10c4d1b1375d7687bc25294306e551bf1abfa4eace6650070a5c1ae2744", size = 243954, upload-time = "2024-11-27T22:38:31.702Z" },
    { url = "https://files.pythonhosted.org/packages/5b/b9/1ed31d167be802da0fc95020d04cd27b7d7065cc6fbefdd2f9186f60d7bd/tomli-2.2.1-cp313-cp313-win32.whl", hash = "sha256:d3f5614314d758649ab2ab3a62d4f2004c825922f9e370b29416484086b264ec", size = 98724, upload-time = "2024-11-27T22:38:32.837Z" },
    { url = "https://files.pythonhosted.org/packages/c7/32/b0963458706accd9afcfeb867c0f9175a741bf7b19cd424230714d722198/tomli-2.2.1-cp313-cp313-win_amd64.whl", hash = "sha256:a38aa0308e754b0e3c67e344754dff64999ff9b513e691d0e786265c93583c69", size = 109383, upload-time = "2024-11-27T22:38:34.455Z" },
    { url = "https://files.pythonhosted.org/packages/6e/c2/61d3e0f47e2b74ef40a68b9e6ad5984f6241a942f7cd3bbfbdbd03861ea9/tomli-2.2.1-py3-none-any.whl", hash = "sha256:cb55c73c5f4408779d0cf3eef9f762b9c9f147a77de7b258bef0a5628adc85cc", size = 14257, upload-time = "2024-11-27T22:38:35.385Z" },
]

[[package]]
name = "typeguard"
version = "4.4.4"
source = { registry = "https://pypi.org/simple" }
dependencies = [
    { name = "importlib-metadata", marker = "python_full_version < '3.10'" },
    { name = "typing-extensions" },
]
sdist = { url = "https://files.pythonhosted.org/packages/c7/68/71c1a15b5f65f40e91b65da23b8224dad41349894535a97f63a52e462196/typeguard-4.4.4.tar.gz", hash = "sha256:3a7fd2dffb705d4d0efaed4306a704c89b9dee850b688f060a8b1615a79e5f74", size = 75203, upload-time = "2025-06-18T09:56:07.624Z" }
wheels = [
    { url = "https://files.pythonhosted.org/packages/1b/a9/e3aee762739c1d7528da1c3e06d518503f8b6c439c35549b53735ba52ead/typeguard-4.4.4-py3-none-any.whl", hash = "sha256:b5f562281b6bfa1f5492470464730ef001646128b180769880468bd84b68b09e", size = 34874, upload-time = "2025-06-18T09:56:05.999Z" },
]

[[package]]
name = "types-usd"
version = "24.5.2"
source = { editable = "." }

[package.dev-dependencies]
dev = [
    { name = "mypy" },
    { name = "pyside6" },
    { name = "pytest" },
    { name = "stubgenlib" },
]

[package.metadata]

[package.metadata.requires-dev]
dev = [
    { name = "mypy", editable = "../../mypy" },
    { name = "pyside6", specifier = "==6.5.1.1" },
    { name = "pytest" },
    { name = "stubgenlib", editable = "../common" },
]

[[package]]
name = "typing-extensions"
version = "4.14.0"
source = { registry = "https://pypi.org/simple" }
sdist = { url = "https://files.pythonhosted.org/packages/d1/bc/51647cd02527e87d05cb083ccc402f93e441606ff1f01739a62c8ad09ba5/typing_extensions-4.14.0.tar.gz", hash = "sha256:8676b788e32f02ab42d9e7c61324048ae4c6d844a399eebace3d4979d75ceef4", size = 107423, upload-time = "2025-06-02T14:52:11.399Z" }
wheels = [
    { url = "https://files.pythonhosted.org/packages/69/e0/552843e0d356fbb5256d21449fa957fa4eff3bbc135a74a691ee70c7c5da/typing_extensions-4.14.0-py3-none-any.whl", hash = "sha256:a1514509136dd0b477638fc68d6a91497af5076466ad0fa6c338e44e359944af", size = 43839, upload-time = "2025-06-02T14:52:10.026Z" },
]

[[package]]
name = "zipp"
version = "3.23.0"
source = { registry = "https://pypi.org/simple" }
sdist = { url = "https://files.pythonhosted.org/packages/e3/02/0f2892c661036d50ede074e376733dca2ae7c6eb617489437771209d4180/zipp-3.23.0.tar.gz", hash = "sha256:a07157588a12518c9d4034df3fbbee09c814741a33ff63c05fa29d26a2404166", size = 25547, upload-time = "2025-06-08T17:06:39.4Z" }
wheels = [
    { url = "https://files.pythonhosted.org/packages/2e/54/647ade08bf0db230bfea292f893923872fd20be6ac6f53b2b936ba839d75/zipp-3.23.0-py3-none-any.whl", hash = "sha256:071652d6115ed432f5ce1d34c336c0adfd6a884660d1e9712a256d3d3bd4b14e", size = 10276, upload-time = "2025-06-08T17:06:38.034Z" },
]
